
Microsoft Visual Studio Solution File, Format Version 12.00
# Visual Studio Version 16
VisualStudioVersion = 16.0.30717.126
MinimumVisualStudioVersion = 10.0.40219.1
Project("{9A19103F-16F7-4668-BE54-9A1E7A4F7556}") = "Renter.Api", "Renter.Api\Renter.Api.csproj", "{A834DB78-45F5-4331-91E6-058A33699311}"
EndProject
Project("{9A19103F-16F7-4668-BE54-9A1E7A4F7556}") = "Entities", "Entities\Entities.csproj", "{50965204-17D6-4D09-A40F-5D2A2B49A9D5}"
EndProject
Project("{FAE04EC0-301F-11D3-BF4B-00C04F79EFBC}") = "Common", "Common\Common.csproj", "{B67A2180-9D88-4655-9924-39E7F9B2786C}"
EndProject
Project("{FAE04EC0-301F-11D3-BF4B-00C04F79EFBC}") = "Services", "Services\Services.csproj", "{048E7F76-D0CF-47C1-8209-80B2BA6ECA0A}"
EndProject
Project("{FAE04EC0-301F-11D3-BF4B-00C04F79EFBC}") = "Repository", "Repository\Repository.csproj", "{80F79AFC-A4B2-43B4-92C6-9D856E454DBC}"
EndProject
Global
	GlobalSection(SolutionConfigurationPlatforms) = preSolution
		Debug|Any CPU = Debug|Any CPU
		Release|Any CPU = Release|Any CPU
	EndGlobalSection
	GlobalSection(ProjectConfigurationPlatforms) = postSolution
		{A834DB78-45F5-4331-91E6-058A33699311}.Debug|Any CPU.ActiveCfg = Debug|Any CPU
		{A834DB78-45F5-4331-91E6-058A33699311}.Debug|Any CPU.Build.0 = Debug|Any CPU
		{A834DB78-45F5-4331-91E6-058A33699311}.Release|Any CPU.ActiveCfg = Release|Any CPU
		{A834DB78-45F5-4331-91E6-058A33699311}.Release|Any CPU.Build.0 = Release|Any CPU
		{50965204-17D6-4D09-A40F-5D2A2B49A9D5}.Debug|Any CPU.ActiveCfg = Debug|Any CPU
		{50965204-17D6-4D09-A40F-5D2A2B49A9D5}.Debug|Any CPU.Build.0 = Debug|Any CPU
		{50965204-17D6-4D09-A40F-5D2A2B49A9D5}.Release|Any CPU.ActiveCfg = Release|Any CPU
		{50965204-17D6-4D09-A40F-5D2A2B49A9D5}.Release|Any CPU.Build.0 = Release|Any CPU
		{B67A2180-9D88-4655-9924-39E7F9B2786C}.Debug|Any CPU.ActiveCfg = Debug|Any CPU
		{B67A2180-9D88-4655-9924-39E7F9B2786C}.Debug|Any CPU.Build.0 = Debug|Any CPU
		{B67A2180-9D88-4655-9924-39E7F9B2786C}.Release|Any CPU.ActiveCfg = Release|Any CPU
		{B67A2180-9D88-4655-9924-39E7F9B2786C}.Release|Any CPU.Build.0 = Release|Any CPU
		{048E7F76-D0CF-47C1-8209-80B2BA6ECA0A}.Debug|Any CPU.ActiveCfg = Debug|Any CPU
		{048E7F76-D0CF-47C1-8209-80B2BA6ECA0A}.Debug|Any CPU.Build.0 = Debug|Any CPU
		{048E7F76-D0CF-47C1-8209-80B2BA6ECA0A}.Release|Any CPU.ActiveCfg = Release|Any CPU
		{048E7F76-D0CF-47C1-8209-80B2BA6ECA0A}.Release|Any CPU.Build.0 = Release|Any CPU
		{80F79AFC-A4B2-43B4-92C6-9D856E454DBC}.Debug|Any CPU.ActiveCfg = Debug|Any CPU
		{80F79AFC-A4B2-43B4-92C6-9D856E454DBC}.Debug|Any CPU.Build.0 = Debug|Any CPU
		{80F79AFC-A4B2-43B4-92C6-9D856E454DBC}.Release|Any CPU.ActiveCfg = Release|Any CPU
		{80F79AFC-A4B2-43B4-92C6-9D856E454DBC}.Release|Any CPU.Build.0 = Release|Any CPU
	EndGlobalSection
	GlobalSection(SolutionProperties) = preSolution
		HideSolutionNode = FALSE
	EndGlobalSection
	GlobalSection(ExtensibilityGlobals) = postSolution
		SolutionGuid = {FF9EB271-69B5-40E0-8F5A-E0DE58F7612D}
	EndGlobalSection
EndGlobal
